
Microsoft Visual Studio Solution File, Format Version 12.00
# Visual Studio 15
VisualStudioVersion = 15.0.27428.2011
MinimumVisualStudioVersion = 10.0.40219.1
Project("{FAE04EC0-301F-11D3-BF4B-00C04F79EFBC}") = "MECANICAPP.Android", "MECANICAPP\MECANICAPP.Android\MECANICAPP.Android.csproj", "{55B50A62-17B1-429E-B738-A63B0182EEE1}"
EndProject
Project("{FAE04EC0-301F-11D3-BF4B-00C04F79EFBC}") = "MECANICAPP.iOS", "MECANICAPP\MECANICAPP.iOS\MECANICAPP.iOS.csproj", "{E795480E-3B6E-4AD4-B6B9-17DB3FFFC5CE}"
EndProject
Project("{FAE04EC0-301F-11D3-BF4B-00C04F79EFBC}") = "MECANICAPP.UWP", "MECANICAPP\MECANICAPP.UWP\MECANICAPP.UWP.csproj", "{B627D825-4C26-4A30-9C9D-3E0506AB2B53}"
EndProject
Project("{FAE04EC0-301F-11D3-BF4B-00C04F79EFBC}") = "MECANICAPP", "MECANICAPP\MECANICAPP\MECANICAPP.csproj", "{26EB4E26-408C-4485-9449-C8727C76170D}"
EndProject
Global
	GlobalSection(SolutionConfigurationPlatforms) = preSolution
		Ad-Hoc|Any CPU = Ad-Hoc|Any CPU
		Ad-Hoc|ARM = Ad-Hoc|ARM
		Ad-Hoc|iPhone = Ad-Hoc|iPhone
		Ad-Hoc|iPhoneSimulator = Ad-Hoc|iPhoneSimulator
		Ad-Hoc|x64 = Ad-Hoc|x64
		Ad-Hoc|x86 = Ad-Hoc|x86
		AppStore|Any CPU = AppStore|Any CPU
		AppStore|ARM = AppStore|ARM
		AppStore|iPhone = AppStore|iPhone
		AppStore|iPhoneSimulator = AppStore|iPhoneSimulator
		AppStore|x64 = AppStore|x64
		AppStore|x86 = AppStore|x86
		Debug|Any CPU = Debug|Any CPU
		Debug|ARM = Debug|ARM
		Debug|iPhone = Debug|iPhone
		Debug|iPhoneSimulator = Debug|iPhoneSimulator
		Debug|x64 = Debug|x64
		Debug|x86 = Debug|x86
		Release|Any CPU = Release|Any CPU
		Release|ARM = Release|ARM
		Release|iPhone = Release|iPhone
		Release|iPhoneSimulator = Release|iPhoneSimulator
		Release|x64 = Release|x64
		Release|x86 = Release|x86
	EndGlobalSection
	GlobalSection(ProjectConfigurationPlatforms) = postSolution
		{55B50A62-17B1-429E-B738-A63B0182EEE1}.Ad-Hoc|Any CPU.ActiveCfg = Release|Any CPU
		{55B50A62-17B1-429E-B738-A63B0182EEE1}.Ad-Hoc|Any CPU.Build.0 = Release|Any CPU
		{55B50A62-17B1-429E-B738-A63B0182EEE1}.Ad-Hoc|Any CPU.Deploy.0 = Release|Any CPU
		{55B50A62-17B1-429E-B738-A63B0182EEE1}.Ad-Hoc|ARM.ActiveCfg = Release|Any CPU
		{55B50A62-17B1-429E-B738-A63B0182EEE1}.Ad-Hoc|ARM.Build.0 = Release|Any CPU
		{55B50A62-17B1-429E-B738-A63B0182EEE1}.Ad-Hoc|ARM.Deploy.0 = Release|Any CPU
		{55B50A62-17B1-429E-B738-A63B0182EEE1}.Ad-Hoc|iPhone.ActiveCfg = Release|Any CPU
		{55B50A62-17B1-429E-B738-A63B0182EEE1}.Ad-Hoc|iPhone.Build.0 = Release|Any CPU
		{55B50A62-17B1-429E-B738-A63B0182EEE1}.Ad-Hoc|iPhone.Deploy.0 = Release|Any CPU
		{55B50A62-17B1-429E-B738-A63B0182EEE1}.Ad-Hoc|iPhoneSimulator.ActiveCfg = Release|Any CPU
		{55B50A62-17B1-429E-B738-A63B0182EEE1}.Ad-Hoc|iPhoneSimulator.Build.0 = Release|Any CPU
		{55B50A62-17B1-429E-B738-A63B0182EEE1}.Ad-Hoc|iPhoneSimulator.Deploy.0 = Release|Any CPU
		{55B50A62-17B1-429E-B738-A63B0182EEE1}.Ad-Hoc|x64.ActiveCfg = Release|Any CPU
		{55B50A62-17B1-429E-B738-A63B0182EEE1}.Ad-Hoc|x64.Build.0 = Release|Any CPU
		{55B50A62-17B1-429E-B738-A63B0182EEE1}.Ad-Hoc|x64.Deploy.0 = Release|Any CPU
		{55B50A62-17B1-429E-B738-A63B0182EEE1}.Ad-Hoc|x86.ActiveCfg = Release|Any CPU
		{55B50A62-17B1-429E-B738-A63B0182EEE1}.Ad-Hoc|x86.Build.0 = Release|Any CPU
		{55B50A62-17B1-429E-B738-A63B0182EEE1}.Ad-Hoc|x86.Deploy.0 = Release|Any CPU
		{55B50A62-17B1-429E-B738-A63B0182EEE1}.AppStore|Any CPU.ActiveCfg = Release|Any CPU
		{55B50A62-17B1-429E-B738-A63B0182EEE1}.AppStore|Any CPU.Build.0 = Release|Any CPU
		{55B50A62-17B1-429E-B738-A63B0182EEE1}.AppStore|Any CPU.Deploy.0 = Release|Any CPU
		{55B50A62-17B1-429E-B738-A63B0182EEE1}.AppStore|ARM.ActiveCfg = Release|Any CPU
		{55B50A62-17B1-429E-B738-A63B0182EEE1}.AppStore|ARM.Build.0 = Release|Any CPU
		{55B50A62-17B1-429E-B738-A63B0182EEE1}.AppStore|ARM.Deploy.0 = Release|Any CPU
		{55B50A62-17B1-429E-B738-A63B0182EEE1}.AppStore|iPhone.ActiveCfg = Release|Any CPU
		{55B50A62-17B1-429E-B738-A63B0182EEE1}.AppStore|iPhone.Build.0 = Release|Any CPU
		{55B50A62-17B1-429E-B738-A63B0182EEE1}.AppStore|iPhone.Deploy.0 = Release|Any CPU
		{55B50A62-17B1-429E-B738-A63B0182EEE1}.AppStore|iPhoneSimulator.ActiveCfg = Release|Any CPU
		{55B50A62-17B1-429E-B738-A63B0182EEE1}.AppStore|iPhoneSimulator.Build.0 = Release|Any CPU
		{55B50A62-17B1-429E-B738-A63B0182EEE1}.AppStore|iPhoneSimulator.Deploy.0 = Release|Any CPU
		{55B50A62-17B1-429E-B738-A63B0182EEE1}.AppStore|x64.ActiveCfg = Release|Any CPU
		{55B50A62-17B1-429E-B738-A63B0182EEE1}.AppStore|x64.Build.0 = Release|Any CPU
		{55B50A62-17B1-429E-B738-A63B0182EEE1}.AppStore|x64.Deploy.0 = Release|Any CPU
		{55B50A62-17B1-429E-B738-A63B0182EEE1}.AppStore|x86.ActiveCfg = Release|Any CPU
		{55B50A62-17B1-429E-B738-A63B0182EEE1}.AppStore|x86.Build.0 = Release|Any CPU
		{55B50A62-17B1-429E-B738-A63B0182EEE1}.AppStore|x86.Deploy.0 = Release|Any CPU
		{55B50A62-17B1-429E-B738-A63B0182EEE1}.Debug|Any CPU.ActiveCfg = Debug|Any CPU
		{55B50A62-17B1-429E-B738-A63B0182EEE1}.Debug|Any CPU.Build.0 = Debug|Any CPU
		{55B50A62-17B1-429E-B738-A63B0182EEE1}.Debug|Any CPU.Deploy.0 = Debug|Any CPU
		{55B50A62-17B1-429E-B738-A63B0182EEE1}.Debug|ARM.ActiveCfg = Debug|Any CPU
		{55B50A62-17B1-429E-B738-A63B0182EEE1}.Debug|ARM.Build.0 = Debug|Any CPU
		{55B50A62-17B1-429E-B738-A63B0182EEE1}.Debug|ARM.Deploy.0 = Debug|Any CPU
		{55B50A62-17B1-429E-B738-A63B0182EEE1}.Debug|iPhone.ActiveCfg = Debug|Any CPU
		{55B50A62-17B1-429E-B738-A63B0182EEE1}.Debug|iPhone.Build.0 = Debug|Any CPU
		{55B50A62-17B1-429E-B738-A63B0182EEE1}.Debug|iPhone.Deploy.0 = Debug|Any CPU
		{55B50A62-17B1-429E-B738-A63B0182EEE1}.Debug|iPhoneSimulator.ActiveCfg = Debug|Any CPU
		{55B50A62-17B1-429E-B738-A63B0182EEE1}.Debug|iPhoneSimulator.Build.0 = Debug|Any CPU
		{55B50A62-17B1-429E-B738-A63B0182EEE1}.Debug|iPhoneSimulator.Deploy.0 = Debug|Any CPU
		{55B50A62-17B1-429E-B738-A63B0182EEE1}.Debug|x64.ActiveCfg = Debug|Any CPU
		{55B50A62-17B1-429E-B738-A63B0182EEE1}.Debug|x64.Build.0 = Debug|Any CPU
		{55B50A62-17B1-429E-B738-A63B0182EEE1}.Debug|x64.Deploy.0 = Debug|Any CPU
		{55B50A62-17B1-429E-B738-A63B0182EEE1}.Debug|x86.ActiveCfg = Debug|Any CPU
		{55B50A62-17B1-429E-B738-A63B0182EEE1}.Debug|x86.Build.0 = Debug|Any CPU
		{55B50A62-17B1-429E-B738-A63B0182EEE1}.Debug|x86.Deploy.0 = Debug|Any CPU
		{55B50A62-17B1-429E-B738-A63B0182EEE1}.Release|Any CPU.ActiveCfg = Release|Any CPU
		{55B50A62-17B1-429E-B738-A63B0182EEE1}.Release|Any CPU.Build.0 = Release|Any CPU
		{55B50A62-17B1-429E-B738-A63B0182EEE1}.Release|Any CPU.Deploy.0 = Release|Any CPU
		{55B50A62-17B1-429E-B738-A63B0182EEE1}.Release|ARM.ActiveCfg = Release|Any CPU
		{55B50A62-17B1-429E-B738-A63B0182EEE1}.Release|ARM.Build.0 = Release|Any CPU
		{55B50A62-17B1-429E-B738-A63B0182EEE1}.Release|ARM.Deploy.0 = Release|Any CPU
		{55B50A62-17B1-429E-B738-A63B0182EEE1}.Release|iPhone.ActiveCfg = Release|Any CPU
		{55B50A62-17B1-429E-B738-A63B0182EEE1}.Release|iPhone.Build.0 = Release|Any CPU
		{55B50A62-17B1-429E-B738-A63B0182EEE1}.Release|iPhone.Deploy.0 = Release|Any CPU
		{55B50A62-17B1-429E-B738-A63B0182EEE1}.Release|iPhoneSimulator.ActiveCfg = Release|Any CPU
		{55B50A62-17B1-429E-B738-A63B0182EEE1}.Release|iPhoneSimulator.Build.0 = Release|Any CPU
		{55B50A62-17B1-429E-B738-A63B0182EEE1}.Release|iPhoneSimulator.Deploy.0 = Release|Any CPU
		{55B50A62-17B1-429E-B738-A63B0182EEE1}.Release|x64.ActiveCfg = Release|Any CPU
		{55B50A62-17B1-429E-B738-A63B0182EEE1}.Release|x64.Build.0 = Release|Any CPU
		{55B50A62-17B1-429E-B738-A63B0182EEE1}.Release|x64.Deploy.0 = Release|Any CPU
		{55B50A62-17B1-429E-B738-A63B0182EEE1}.Release|x86.ActiveCfg = Release|Any CPU
		{55B50A62-17B1-429E-B738-A63B0182EEE1}.Release|x86.Build.0 = Release|Any CPU
		{55B50A62-17B1-429E-B738-A63B0182EEE1}.Release|x86.Deploy.0 = Release|Any CPU
		{E795480E-3B6E-4AD4-B6B9-17DB3FFFC5CE}.Ad-Hoc|Any CPU.ActiveCfg = Ad-Hoc|iPhone
		{E795480E-3B6E-4AD4-B6B9-17DB3FFFC5CE}.Ad-Hoc|ARM.ActiveCfg = Ad-Hoc|iPhone
		{E795480E-3B6E-4AD4-B6B9-17DB3FFFC5CE}.Ad-Hoc|iPhone.ActiveCfg = Ad-Hoc|iPhone
		{E795480E-3B6E-4AD4-B6B9-17DB3FFFC5CE}.Ad-Hoc|iPhone.Build.0 = Ad-Hoc|iPhone
		{E795480E-3B6E-4AD4-B6B9-17DB3FFFC5CE}.Ad-Hoc|iPhoneSimulator.ActiveCfg = Ad-Hoc|iPhoneSimulator
		{E795480E-3B6E-4AD4-B6B9-17DB3FFFC5CE}.Ad-Hoc|iPhoneSimulator.Build.0 = Ad-Hoc|iPhoneSimulator
		{E795480E-3B6E-4AD4-B6B9-17DB3FFFC5CE}.Ad-Hoc|x64.ActiveCfg = Ad-Hoc|iPhone
		{E795480E-3B6E-4AD4-B6B9-17DB3FFFC5CE}.Ad-Hoc|x86.ActiveCfg = Ad-Hoc|iPhone
		{E795480E-3B6E-4AD4-B6B9-17DB3FFFC5CE}.AppStore|Any CPU.ActiveCfg = AppStore|iPhone
		{E795480E-3B6E-4AD4-B6B9-17DB3FFFC5CE}.AppStore|ARM.ActiveCfg = AppStore|iPhone
		{E795480E-3B6E-4AD4-B6B9-17DB3FFFC5CE}.AppStore|iPhone.ActiveCfg = AppStore|iPhone
		{E795480E-3B6E-4AD4-B6B9-17DB3FFFC5CE}.AppStore|iPhone.Build.0 = AppStore|iPhone
		{E795480E-3B6E-4AD4-B6B9-17DB3FFFC5CE}.AppStore|iPhoneSimulator.ActiveCfg = AppStore|iPhoneSimulator
		{E795480E-3B6E-4AD4-B6B9-17DB3FFFC5CE}.AppStore|iPhoneSimulator.Build.0 = AppStore|iPhoneSimulator
		{E795480E-3B6E-4AD4-B6B9-17DB3FFFC5CE}.AppStore|x64.ActiveCfg = AppStore|iPhone
		{E795480E-3B6E-4AD4-B6B9-17DB3FFFC5CE}.AppStore|x86.ActiveCfg = AppStore|iPhone
		{E795480E-3B6E-4AD4-B6B9-17DB3FFFC5CE}.Debug|Any CPU.ActiveCfg = Debug|iPhone
		{E795480E-3B6E-4AD4-B6B9-17DB3FFFC5CE}.Debug|ARM.ActiveCfg = Debug|iPhone
		{E795480E-3B6E-4AD4-B6B9-17DB3FFFC5CE}.Debug|iPhone.ActiveCfg = Debug|iPhone
		{E795480E-3B6E-4AD4-B6B9-17DB3FFFC5CE}.Debug|iPhone.Build.0 = Debug|iPhone
		{E795480E-3B6E-4AD4-B6B9-17DB3FFFC5CE}.Debug|iPhoneSimulator.ActiveCfg = Debug|iPhoneSimulator
		{E795480E-3B6E-4AD4-B6B9-17DB3FFFC5CE}.Debug|iPhoneSimulator.Build.0 = Debug|iPhoneSimulator
		{E795480E-3B6E-4AD4-B6B9-17DB3FFFC5CE}.Debug|x64.ActiveCfg = Debug|iPhone
		{E795480E-3B6E-4AD4-B6B9-17DB3FFFC5CE}.Debug|x86.ActiveCfg = Debug|iPhone
		{E795480E-3B6E-4AD4-B6B9-17DB3FFFC5CE}.Release|Any CPU.ActiveCfg = Release|iPhone
		{E795480E-3B6E-4AD4-B6B9-17DB3FFFC5CE}.Release|ARM.ActiveCfg = Release|iPhone
		{E795480E-3B6E-4AD4-B6B9-17DB3FFFC5CE}.Release|iPhone.ActiveCfg = Release|iPhone
		{E795480E-3B6E-4AD4-B6B9-17DB3FFFC5CE}.Release|iPhone.Build.0 = Release|iPhone
		{E795480E-3B6E-4AD4-B6B9-17DB3FFFC5CE}.Release|iPhoneSimulator.ActiveCfg = Release|iPhoneSimulator
		{E795480E-3B6E-4AD4-B6B9-17DB3FFFC5CE}.Release|iPhoneSimulator.Build.0 = Release|iPhoneSimulator
		{E795480E-3B6E-4AD4-B6B9-17DB3FFFC5CE}.Release|x64.ActiveCfg = Release|iPhone
		{E795480E-3B6E-4AD4-B6B9-17DB3FFFC5CE}.Release|x86.ActiveCfg = Release|iPhone
		{B627D825-4C26-4A30-9C9D-3E0506AB2B53}.Ad-Hoc|Any CPU.ActiveCfg = Release|x86
		{B627D825-4C26-4A30-9C9D-3E0506AB2B53}.Ad-Hoc|Any CPU.Build.0 = Release|x86
		{B627D825-4C26-4A30-9C9D-3E0506AB2B53}.Ad-Hoc|Any CPU.Deploy.0 = Release|x86
		{B627D825-4C26-4A30-9C9D-3E0506AB2B53}.Ad-Hoc|ARM.ActiveCfg = Release|ARM
		{B627D825-4C26-4A30-9C9D-3E0506AB2B53}.Ad-Hoc|ARM.Build.0 = Release|ARM
		{B627D825-4C26-4A30-9C9D-3E0506AB2B53}.Ad-Hoc|ARM.Deploy.0 = Release|ARM
		{B627D825-4C26-4A30-9C9D-3E0506AB2B53}.Ad-Hoc|iPhone.ActiveCfg = Release|x86
		{B627D825-4C26-4A30-9C9D-3E0506AB2B53}.Ad-Hoc|iPhone.Build.0 = Release|x86
		{B627D825-4C26-4A30-9C9D-3E0506AB2B53}.Ad-Hoc|iPhone.Deploy.0 = Release|x86
		{B627D825-4C26-4A30-9C9D-3E0506AB2B53}.Ad-Hoc|iPhoneSimulator.ActiveCfg = Release|x86
		{B627D825-4C26-4A30-9C9D-3E0506AB2B53}.Ad-Hoc|iPhoneSimulator.Build.0 = Release|x86
		{B627D825-4C26-4A30-9C9D-3E0506AB2B53}.Ad-Hoc|iPhoneSimulator.Deploy.0 = Release|x86
		{B627D825-4C26-4A30-9C9D-3E0506AB2B53}.Ad-Hoc|x64.ActiveCfg = Release|x64
		{B627D825-4C26-4A30-9C9D-3E0506AB2B53}.Ad-Hoc|x64.Build.0 = Release|x64
		{B627D825-4C26-4A30-9C9D-3E0506AB2B53}.Ad-Hoc|x64.Deploy.0 = Release|x64
		{B627D825-4C26-4A30-9C9D-3E0506AB2B53}.Ad-Hoc|x86.ActiveCfg = Release|x86
		{B627D825-4C26-4A30-9C9D-3E0506AB2B53}.Ad-Hoc|x86.Build.0 = Release|x86
		{B627D825-4C26-4A30-9C9D-3E0506AB2B53}.Ad-Hoc|x86.Deploy.0 = Release|x86
		{B627D825-4C26-4A30-9C9D-3E0506AB2B53}.AppStore|Any CPU.ActiveCfg = Release|x86
		{B627D825-4C26-4A30-9C9D-3E0506AB2B53}.AppStore|Any CPU.Build.0 = Release|x86
		{B627D825-4C26-4A30-9C9D-3E0506AB2B53}.AppStore|Any CPU.Deploy.0 = Release|x86
		{B627D825-4C26-4A30-9C9D-3E0506AB2B53}.AppStore|ARM.ActiveCfg = Release|ARM
		{B627D825-4C26-4A30-9C9D-3E0506AB2B53}.AppStore|ARM.Build.0 = Release|ARM
		{B627D825-4C26-4A30-9C9D-3E0506AB2B53}.AppStore|ARM.Deploy.0 = Release|ARM
		{B627D825-4C26-4A30-9C9D-3E0506AB2B53}.AppStore|iPhone.ActiveCfg = Release|x86
		{B627D825-4C26-4A30-9C9D-3E0506AB2B53}.AppStore|iPhone.Build.0 = Release|x86
		{B627D825-4C26-4A30-9C9D-3E0506AB2B53}.AppStore|iPhone.Deploy.0 = Release|x86
		{B627D825-4C26-4A30-9C9D-3E0506AB2B53}.AppStore|iPhoneSimulator.ActiveCfg = Release|x86
		{B627D825-4C26-4A30-9C9D-3E0506AB2B53}.AppStore|iPhoneSimulator.Build.0 = Release|x86
		{B627D825-4C26-4A30-9C9D-3E0506AB2B53}.AppStore|iPhoneSimulator.Deploy.0 = Release|x86
		{B627D825-4C26-4A30-9C9D-3E0506AB2B53}.AppStore|x64.ActiveCfg = Release|x64
		{B627D825-4C26-4A30-9C9D-3E0506AB2B53}.AppStore|x64.Build.0 = Release|x64
		{B627D825-4C26-4A30-9C9D-3E0506AB2B53}.AppStore|x64.Deploy.0 = Release|x64
		{B627D825-4C26-4A30-9C9D-3E0506AB2B53}.AppStore|x86.ActiveCfg = Release|x86
		{B627D825-4C26-4A30-9C9D-3E0506AB2B53}.AppStore|x86.Build.0 = Release|x86
		{B627D825-4C26-4A30-9C9D-3E0506AB2B53}.AppStore|x86.Deploy.0 = Release|x86
		{B627D825-4C26-4A30-9C9D-3E0506AB2B53}.Debug|Any CPU.ActiveCfg = Debug|x86
		{B627D825-4C26-4A30-9C9D-3E0506AB2B53}.Debug|ARM.ActiveCfg = Debug|ARM
		{B627D825-4C26-4A30-9C9D-3E0506AB2B53}.Debug|ARM.Build.0 = Debug|ARM
		{B627D825-4C26-4A30-9C9D-3E0506AB2B53}.Debug|ARM.Deploy.0 = Debug|ARM
		{B627D825-4C26-4A30-9C9D-3E0506AB2B53}.Debug|iPhone.ActiveCfg = Debug|x86
		{B627D825-4C26-4A30-9C9D-3E0506AB2B53}.Debug|iPhoneSimulator.ActiveCfg = Debug|x86
		{B627D825-4C26-4A30-9C9D-3E0506AB2B53}.Debug|x64.ActiveCfg = Debug|x64
		{B627D825-4C26-4A30-9C9D-3E0506AB2B53}.Debug|x64.Build.0 = Debug|x64
		{B627D825-4C26-4A30-9C9D-3E0506AB2B53}.Debug|x64.Deploy.0 = Debug|x64
		{B627D825-4C26-4A30-9C9D-3E0506AB2B53}.Debug|x86.ActiveCfg = Debug|x86
		{B627D825-4C26-4A30-9C9D-3E0506AB2B53}.Debug|x86.Build.0 = Debug|x86
		{B627D825-4C26-4A30-9C9D-3E0506AB2B53}.Debug|x86.Deploy.0 = Debug|x86
		{B627D825-4C26-4A30-9C9D-3E0506AB2B53}.Release|Any CPU.ActiveCfg = Release|x86
		{B627D825-4C26-4A30-9C9D-3E0506AB2B53}.Release|ARM.ActiveCfg = Release|ARM
		{B627D825-4C26-4A30-9C9D-3E0506AB2B53}.Release|ARM.Build.0 = Release|ARM
		{B627D825-4C26-4A30-9C9D-3E0506AB2B53}.Release|ARM.Deploy.0 = Release|ARM
		{B627D825-4C26-4A30-9C9D-3E0506AB2B53}.Release|iPhone.ActiveCfg = Release|x86
		{B627D825-4C26-4A30-9C9D-3E0506AB2B53}.Release|iPhoneSimulator.ActiveCfg = Release|x86
		{B627D825-4C26-4A30-9C9D-3E0506AB2B53}.Release|x64.ActiveCfg = Release|x64
		{B627D825-4C26-4A30-9C9D-3E0506AB2B53}.Release|x64.Build.0 = Release|x64
		{B627D825-4C26-4A30-9C9D-3E0506AB2B53}.Release|x64.Deploy.0 = Release|x64
		{B627D825-4C26-4A30-9C9D-3E0506AB2B53}.Release|x86.ActiveCfg = Release|x86
		{B627D825-4C26-4A30-9C9D-3E0506AB2B53}.Release|x86.Build.0 = Release|x86
		{B627D825-4C26-4A30-9C9D-3E0506AB2B53}.Release|x86.Deploy.0 = Release|x86
		{26EB4E26-408C-4485-9449-C8727C76170D}.Ad-Hoc|Any CPU.ActiveCfg = Debug|Any CPU
		{26EB4E26-408C-4485-9449-C8727C76170D}.Ad-Hoc|Any CPU.Build.0 = Debug|Any CPU
		{26EB4E26-408C-4485-9449-C8727C76170D}.Ad-Hoc|ARM.ActiveCfg = Debug|Any CPU
		{26EB4E26-408C-4485-9449-C8727C76170D}.Ad-Hoc|ARM.Build.0 = Debug|Any CPU
		{26EB4E26-408C-4485-9449-C8727C76170D}.Ad-Hoc|iPhone.ActiveCfg = Debug|Any CPU
		{26EB4E26-408C-4485-9449-C8727C76170D}.Ad-Hoc|iPhone.Build.0 = Debug|Any CPU
		{26EB4E26-408C-4485-9449-C8727C76170D}.Ad-Hoc|iPhoneSimulator.ActiveCfg = Debug|Any CPU
		{26EB4E26-408C-4485-9449-C8727C76170D}.Ad-Hoc|iPhoneSimulator.Build.0 = Debug|Any CPU
		{26EB4E26-408C-4485-9449-C8727C76170D}.Ad-Hoc|x64.ActiveCfg = Debug|Any CPU
		{26EB4E26-408C-4485-9449-C8727C76170D}.Ad-Hoc|x64.Build.0 = Debug|Any CPU
		{26EB4E26-408C-4485-9449-C8727C76170D}.Ad-Hoc|x86.ActiveCfg = Debug|Any CPU
		{26EB4E26-408C-4485-9449-C8727C76170D}.Ad-Hoc|x86.Build.0 = Debug|Any CPU
		{26EB4E26-408C-4485-9449-C8727C76170D}.AppStore|Any CPU.ActiveCfg = Debug|Any CPU
		{26EB4E26-408C-4485-9449-C8727C76170D}.AppStore|Any CPU.Build.0 = Debug|Any CPU
		{26EB4E26-408C-4485-9449-C8727C76170D}.AppStore|ARM.ActiveCfg = Debug|Any CPU
		{26EB4E26-408C-4485-9449-C8727C76170D}.AppStore|ARM.Build.0 = Debug|Any CPU
		{26EB4E26-408C-4485-9449-C8727C76170D}.AppStore|iPhone.ActiveCfg = Debug|Any CPU
		{26EB4E26-408C-4485-9449-C8727C76170D}.AppStore|iPhone.Build.0 = Debug|Any CPU
		{26EB4E26-408C-4485-9449-C8727C76170D}.AppStore|iPhoneSimulator.ActiveCfg = Debug|Any CPU
		{26EB4E26-408C-4485-9449-C8727C76170D}.AppStore|iPhoneSimulator.Build.0 = Debug|Any CPU
		{26EB4E26-408C-4485-9449-C8727C76170D}.AppStore|x64.ActiveCfg = Debug|Any CPU
		{26EB4E26-408C-4485-9449-C8727C76170D}.AppStore|x64.Build.0 = Debug|Any CPU
		{26EB4E26-408C-4485-9449-C8727C76170D}.AppStore|x86.ActiveCfg = Debug|Any CPU
		{26EB4E26-408C-4485-9449-C8727C76170D}.AppStore|x86.Build.0 = Debug|Any CPU
		{26EB4E26-408C-4485-9449-C8727C76170D}.Debug|Any CPU.ActiveCfg = Debug|Any CPU
		{26EB4E26-408C-4485-9449-C8727C76170D}.Debug|Any CPU.Build.0 = Debug|Any CPU
		{26EB4E26-408C-4485-9449-C8727C76170D}.Debug|ARM.ActiveCfg = Debug|Any CPU
		{26EB4E26-408C-4485-9449-C8727C76170D}.Debug|ARM.Build.0 = Debug|Any CPU
		{26EB4E26-408C-4485-9449-C8727C76170D}.Debug|iPhone.ActiveCfg = Debug|Any CPU
		{26EB4E26-408C-4485-9449-C8727C76170D}.Debug|iPhone.Build.0 = Debug|Any CPU
		{26EB4E26-408C-4485-9449-C8727C76170D}.Debug|iPhoneSimulator.ActiveCfg = Debug|Any CPU
		{26EB4E26-408C-4485-9449-C8727C76170D}.Debug|iPhoneSimulator.Build.0 = Debug|Any CPU
		{26EB4E26-408C-4485-9449-C8727C76170D}.Debug|x64.ActiveCfg = Debug|Any CPU
		{26EB4E26-408C-4485-9449-C8727C76170D}.Debug|x64.Build.0 = Debug|Any CPU
		{26EB4E26-408C-4485-9449-C8727C76170D}.Debug|x86.ActiveCfg = Debug|Any CPU
		{26EB4E26-408C-4485-9449-C8727C76170D}.Debug|x86.Build.0 = Debug|Any CPU
		{26EB4E26-408C-4485-9449-C8727C76170D}.Release|Any CPU.ActiveCfg = Release|Any CPU
		{26EB4E26-408C-4485-9449-C8727C76170D}.Release|Any CPU.Build.0 = Release|Any CPU
		{26EB4E26-408C-4485-9449-C8727C76170D}.Release|ARM.ActiveCfg = Release|Any CPU
		{26EB4E26-408C-4485-9449-C8727C76170D}.Release|ARM.Build.0 = Release|Any CPU
		{26EB4E26-408C-4485-9449-C8727C76170D}.Release|iPhone.ActiveCfg = Release|Any CPU
		{26EB4E26-408C-4485-9449-C8727C76170D}.Release|iPhone.Build.0 = Release|Any CPU
		{26EB4E26-408C-4485-9449-C8727C76170D}.Release|iPhoneSimulator.ActiveCfg = Release|Any CPU
		{26EB4E26-408C-4485-9449-C8727C76170D}.Release|iPhoneSimulator.Build.0 = Release|Any CPU
		{26EB4E26-408C-4485-9449-C8727C76170D}.Release|x64.ActiveCfg = Release|Any CPU
		{26EB4E26-408C-4485-9449-C8727C76170D}.Release|x64.Build.0 = Release|Any CPU
		{26EB4E26-408C-4485-9449-C8727C76170D}.Release|x86.ActiveCfg = Release|Any CPU
		{26EB4E26-408C-4485-9449-C8727C76170D}.Release|x86.Build.0 = Release|Any CPU
	EndGlobalSection
	GlobalSection(SolutionProperties) = preSolution
		HideSolutionNode = FALSE
	EndGlobalSection
	GlobalSection(ExtensibilityGlobals) = postSolution
		SolutionGuid = {3A402F63-0D10-437A-B342-E29C8789B5F9}
	EndGlobalSection
EndGlobal
